
Microsoft Visual Studio Solution File, Format Version 12.00
# Visual Studio Version 17
VisualStudioVersion = 17.5.33530.505
MinimumVisualStudioVersion = 10.0.40219.1
Project("{9A19103F-16F7-4668-BE54-9A1E7A4F7556}") = "Jimx.MMT.API", "Jimx.MMT.API\Jimx.MMT.API.csproj", "{8D79A56F-6AB8-4B5C-942E-7EB6B8ED1C62}"
EndProject
Project("{E53339B2-1760-4266-BCC7-CA923CBCF16C}") = "docker-compose", "docker-compose.dcproj", "{A6714DD4-0228-41E1-A429-72C105C4FA4E}"
EndProject
Project("{FAE04EC0-301F-11D3-BF4B-00C04F79EFBC}") = "Jimx.MMT.API.Tests", "..\Jimx.MMT.API.Tests\Jimx.MMT.API.Tests.csproj", "{EBC9EF03-7C46-4253-A625-EB4C50713417}"
EndProject
Global
	GlobalSection(SolutionConfigurationPlatforms) = preSolution
		Debug|Any CPU = Debug|Any CPU
		Release|Any CPU = Release|Any CPU
	EndGlobalSection
	GlobalSection(ProjectConfigurationPlatforms) = postSolution
		{8D79A56F-6AB8-4B5C-942E-7EB6B8ED1C62}.Debug|Any CPU.ActiveCfg = Debug|Any CPU
		{8D79A56F-6AB8-4B5C-942E-7EB6B8ED1C62}.Debug|Any CPU.Build.0 = Debug|Any CPU
		{8D79A56F-6AB8-4B5C-942E-7EB6B8ED1C62}.Release|Any CPU.ActiveCfg = Release|Any CPU
		{8D79A56F-6AB8-4B5C-942E-7EB6B8ED1C62}.Release|Any CPU.Build.0 = Release|Any CPU
		{A6714DD4-0228-41E1-A429-72C105C4FA4E}.Debug|Any CPU.ActiveCfg = Debug|Any CPU
		{A6714DD4-0228-41E1-A429-72C105C4FA4E}.Debug|Any CPU.Build.0 = Debug|Any CPU
		{A6714DD4-0228-41E1-A429-72C105C4FA4E}.Release|Any CPU.ActiveCfg = Release|Any CPU
		{A6714DD4-0228-41E1-A429-72C105C4FA4E}.Release|Any CPU.Build.0 = Release|Any CPU
		{EBC9EF03-7C46-4253-A625-EB4C50713417}.Debug|Any CPU.ActiveCfg = Debug|Any CPU
		{EBC9EF03-7C46-4253-A625-EB4C50713417}.Debug|Any CPU.Build.0 = Debug|Any CPU
		{EBC9EF03-7C46-4253-A625-EB4C50713417}.Release|Any CPU.ActiveCfg = Release|Any CPU
		{EBC9EF03-7C46-4253-A625-EB4C50713417}.Release|Any CPU.Build.0 = Release|Any CPU
	EndGlobalSection
	GlobalSection(SolutionProperties) = preSolution
		HideSolutionNode = FALSE
	EndGlobalSection
	GlobalSection(ExtensibilityGlobals) = postSolution
		SolutionGuid = {61ABEBFF-ABCD-4282-92CD-85C9D683A901}
	EndGlobalSection
EndGlobal
